
Microsoft Visual Studio Solution File, Format Version 12.00
# Visual Studio Version 17
VisualStudioVersion = 17.4.33110.190
MinimumVisualStudioVersion = 10.0.40219.1
Project("{9A19103F-16F7-4668-BE54-9A1E7A4F7556}") = "Extism.Sdk", "src\Extism.Sdk\Extism.Sdk.csproj", "{1FAA7B6E-249C-4E4C-AE7A-A493A9D24475}"
EndProject
Project("{9A19103F-16F7-4668-BE54-9A1E7A4F7556}") = "Extism.Sdk.Tests", "test\Extism.Sdk\Extism.Sdk.Tests.csproj", "{DB440D61-C781-4C59-9223-9A79CC9FB4E7}"
EndProject
Project("{9A19103F-16F7-4668-BE54-9A1E7A4F7556}") = "Extism.Sdk.Sample", "samples\Extism.Sdk.Sample\Extism.Sdk.Sample.csproj", "{2232E572-E8BA-46A1-AF31-E4168960DB75}"
EndProject
Global
	GlobalSection(SolutionConfigurationPlatforms) = preSolution
		Debug|Any CPU = Debug|Any CPU
		Release|Any CPU = Release|Any CPU
	EndGlobalSection
	GlobalSection(ProjectConfigurationPlatforms) = postSolution
		{1FAA7B6E-249C-4E4C-AE7A-A493A9D24475}.Debug|Any CPU.ActiveCfg = Debug|Any CPU
		{1FAA7B6E-249C-4E4C-AE7A-A493A9D24475}.Debug|Any CPU.Build.0 = Debug|Any CPU
		{1FAA7B6E-249C-4E4C-AE7A-A493A9D24475}.Release|Any CPU.ActiveCfg = Release|Any CPU
		{1FAA7B6E-249C-4E4C-AE7A-A493A9D24475}.Release|Any CPU.Build.0 = Release|Any CPU
		{DB440D61-C781-4C59-9223-9A79CC9FB4E7}.Debug|Any CPU.ActiveCfg = Debug|Any CPU
		{DB440D61-C781-4C59-9223-9A79CC9FB4E7}.Debug|Any CPU.Build.0 = Debug|Any CPU
		{DB440D61-C781-4C59-9223-9A79CC9FB4E7}.Release|Any CPU.ActiveCfg = Release|Any CPU
		{DB440D61-C781-4C59-9223-9A79CC9FB4E7}.Release|Any CPU.Build.0 = Release|Any CPU
		{2232E572-E8BA-46A1-AF31-E4168960DB75}.Debug|Any CPU.ActiveCfg = Debug|Any CPU
		{2232E572-E8BA-46A1-AF31-E4168960DB75}.Debug|Any CPU.Build.0 = Debug|Any CPU
		{2232E572-E8BA-46A1-AF31-E4168960DB75}.Release|Any CPU.ActiveCfg = Release|Any CPU
		{2232E572-E8BA-46A1-AF31-E4168960DB75}.Release|Any CPU.Build.0 = Release|Any CPU
	EndGlobalSection
	GlobalSection(SolutionProperties) = preSolution
		HideSolutionNode = FALSE
	EndGlobalSection
	GlobalSection(ExtensibilityGlobals) = postSolution
		SolutionGuid = {2B6BF267-F2A5-4CB5-8DFD-F11CC8787E6B}
	EndGlobalSection
EndGlobal
