
Microsoft Visual Studio Solution File, Format Version 12.00
# Visual Studio Version 17
VisualStudioVersion = 17.0.31903.59
MinimumVisualStudioVersion = 10.0.40219.1
Project("{9A19103F-16F7-4668-BE54-9A1E7A4F7556}") = "Extism.runtime.linux-arm64", "Extism.runtime.linux-arm64.csproj", "{F1CF6818-43C4-4CD6-A3AD-748EFC83C21B}"
EndProject
Project("{9A19103F-16F7-4668-BE54-9A1E7A4F7556}") = "Extism.runtime.linux-musl-arm64", "Extism.runtime.linux-musl-arm64.csproj", "{2E563F73-9FD5-42B2-9368-12BBF5819148}"
EndProject
Project("{9A19103F-16F7-4668-BE54-9A1E7A4F7556}") = "Extism.runtime.linux-x64", "Extism.runtime.linux-x64.csproj", "{A2E24D65-8AE2-4C09-82CB-5AEBA0539973}"
EndProject
Project("{9A19103F-16F7-4668-BE54-9A1E7A4F7556}") = "Extism.runtime.osx-arm64", "Extism.runtime.osx-arm64.csproj", "{66461A9C-140C-48C1-B658-BE540220460D}"
EndProject
Project("{9A19103F-16F7-4668-BE54-9A1E7A4F7556}") = "Extism.runtime.osx-x64", "Extism.runtime.osx-x64.csproj", "{BE23CF82-F668-4166-8579-0FF2B20EA095}"
EndProject
Project("{9A19103F-16F7-4668-BE54-9A1E7A4F7556}") = "Extism.runtime.win-x64", "Extism.runtime.win-x64.csproj", "{639F9EFE-AC2A-43A7-A9BB-EDAEB306455F}"
EndProject
Project("{9A19103F-16F7-4668-BE54-9A1E7A4F7556}") = "Extism.runtime.all", "Extism.runtime.all.csproj", "{88DF54A7-845B-409D-93FE-64CF2864FFDE}"
	ProjectSection(ProjectDependencies) = postProject
		{2E563F73-9FD5-42B2-9368-12BBF5819148} = {2E563F73-9FD5-42B2-9368-12BBF5819148}
		{639F9EFE-AC2A-43A7-A9BB-EDAEB306455F} = {639F9EFE-AC2A-43A7-A9BB-EDAEB306455F}
		{66461A9C-140C-48C1-B658-BE540220460D} = {66461A9C-140C-48C1-B658-BE540220460D}
		{A2E24D65-8AE2-4C09-82CB-5AEBA0539973} = {A2E24D65-8AE2-4C09-82CB-5AEBA0539973}
		{BE23CF82-F668-4166-8579-0FF2B20EA095} = {BE23CF82-F668-4166-8579-0FF2B20EA095}
		{F1CF6818-43C4-4CD6-A3AD-748EFC83C21B} = {F1CF6818-43C4-4CD6-A3AD-748EFC83C21B}
	EndProjectSection
EndProject
Global
	GlobalSection(SolutionConfigurationPlatforms) = preSolution
		Debug|Any CPU = Debug|Any CPU
		Release|Any CPU = Release|Any CPU
	EndGlobalSection
	GlobalSection(ProjectConfigurationPlatforms) = postSolution
		{F1CF6818-43C4-4CD6-A3AD-748EFC83C21B}.Debug|Any CPU.ActiveCfg = Debug|Any CPU
		{F1CF6818-43C4-4CD6-A3AD-748EFC83C21B}.Debug|Any CPU.Build.0 = Debug|Any CPU
		{F1CF6818-43C4-4CD6-A3AD-748EFC83C21B}.Release|Any CPU.ActiveCfg = Release|Any CPU
		{F1CF6818-43C4-4CD6-A3AD-748EFC83C21B}.Release|Any CPU.Build.0 = Release|Any CPU
		{2E563F73-9FD5-42B2-9368-12BBF5819148}.Debug|Any CPU.ActiveCfg = Debug|Any CPU
		{2E563F73-9FD5-42B2-9368-12BBF5819148}.Debug|Any CPU.Build.0 = Debug|Any CPU
		{2E563F73-9FD5-42B2-9368-12BBF5819148}.Release|Any CPU.ActiveCfg = Release|Any CPU
		{2E563F73-9FD5-42B2-9368-12BBF5819148}.Release|Any CPU.Build.0 = Release|Any CPU
		{A2E24D65-8AE2-4C09-82CB-5AEBA0539973}.Debug|Any CPU.ActiveCfg = Debug|Any CPU
		{A2E24D65-8AE2-4C09-82CB-5AEBA0539973}.Debug|Any CPU.Build.0 = Debug|Any CPU
		{A2E24D65-8AE2-4C09-82CB-5AEBA0539973}.Release|Any CPU.ActiveCfg = Release|Any CPU
		{A2E24D65-8AE2-4C09-82CB-5AEBA0539973}.Release|Any CPU.Build.0 = Release|Any CPU
		{66461A9C-140C-48C1-B658-BE540220460D}.Debug|Any CPU.ActiveCfg = Debug|Any CPU
		{66461A9C-140C-48C1-B658-BE540220460D}.Debug|Any CPU.Build.0 = Debug|Any CPU
		{66461A9C-140C-48C1-B658-BE540220460D}.Release|Any CPU.ActiveCfg = Release|Any CPU
		{66461A9C-140C-48C1-B658-BE540220460D}.Release|Any CPU.Build.0 = Release|Any CPU
		{BE23CF82-F668-4166-8579-0FF2B20EA095}.Debug|Any CPU.ActiveCfg = Debug|Any CPU
		{BE23CF82-F668-4166-8579-0FF2B20EA095}.Debug|Any CPU.Build.0 = Debug|Any CPU
		{BE23CF82-F668-4166-8579-0FF2B20EA095}.Release|Any CPU.ActiveCfg = Release|Any CPU
		{BE23CF82-F668-4166-8579-0FF2B20EA095}.Release|Any CPU.Build.0 = Release|Any CPU
		{639F9EFE-AC2A-43A7-A9BB-EDAEB306455F}.Debug|Any CPU.ActiveCfg = Debug|Any CPU
		{639F9EFE-AC2A-43A7-A9BB-EDAEB306455F}.Debug|Any CPU.Build.0 = Debug|Any CPU
		{639F9EFE-AC2A-43A7-A9BB-EDAEB306455F}.Release|Any CPU.ActiveCfg = Release|Any CPU
		{639F9EFE-AC2A-43A7-A9BB-EDAEB306455F}.Release|Any CPU.Build.0 = Release|Any CPU
		{88DF54A7-845B-409D-93FE-64CF2864FFDE}.Debug|Any CPU.ActiveCfg = Debug|Any CPU
		{88DF54A7-845B-409D-93FE-64CF2864FFDE}.Debug|Any CPU.Build.0 = Debug|Any CPU
		{88DF54A7-845B-409D-93FE-64CF2864FFDE}.Release|Any CPU.ActiveCfg = Release|Any CPU
		{88DF54A7-845B-409D-93FE-64CF2864FFDE}.Release|Any CPU.Build.0 = Release|Any CPU
	EndGlobalSection
	GlobalSection(SolutionProperties) = preSolution
		HideSolutionNode = FALSE
	EndGlobalSection
EndGlobal
