{
    "_readme": [
        "This file locks the dependencies of your project to a known state",
        "Read more about it at https://getcomposer.org/doc/01-basic-usage.md#installing-dependencies",
        "This file is @generated automatically"
    ],
    "content-hash": "7b4928a982b49b8d70f36ada933cab71",
    "packages": [
        {
            "name": "extism/extism",
            "version": "dev-feat-reuse-plugins",
            "dist": {
                "type": "path",
                "url": "../..",
                "reference": "9e5f576acff0aa9c8720fdf6d1103b7c1996bf14"
            },
            "require": {
                "ircmaxell/ffime": "dev-master",
                "php": "^7.4 || ^8"
            },
            "type": "library",
            "autoload": {
                "psr-4": {
                    "Extism\\": "php/src/"
                }
            },
            "autoload-dev": {
                "psr-4": []
            },
            "license": [
                "BSD-3-Clause"
            ],
            "authors": [
                {
                    "name": "The Extism Authors",
                    "email": "oss@extism.org",
                    "homepage": "https://extism.org"
                },
                {
                    "name": "Dylibso, Inc.",
                    "email": "oss@dylib.so",
                    "homepage": "https://dylib.so"
                }
            ],
            "description": "Make your software programmable. Run WebAssembly extensions in your app using the first off-the-shelf, universal plug-in system.",
            "keywords": [
                "WebAssembly",
                "plug-in",
                "plugin-system",
                "runtime"
            ],
            "transport-options": {
                "relative": true
            }
        },
        {
            "name": "ircmaxell/ffime",
            "version": "dev-master",
            "source": {
                "type": "git",
                "url": "https://github.com/ircmaxell/FFIMe.git",
                "reference": "7b9e0bf23adceddd5fde3130d30275a45cfc1867"
            },
            "dist": {
                "type": "zip",
                "url": "https://api.github.com/repos/ircmaxell/FFIMe/zipball/7b9e0bf23adceddd5fde3130d30275a45cfc1867",
                "reference": "7b9e0bf23adceddd5fde3130d30275a45cfc1867",
                "shasum": ""
            },
            "require": {
                "ircmaxell/php-c-parser": "dev-master",
                "ircmaxell/php-object-symbolresolver": "dev-master",
                "php": ">=8.0"
            },
            "require-dev": {
                "phpunit/phpunit": "^8.0"
            },
            "default-branch": true,
            "type": "library",
            "autoload": {
                "psr-4": {
                    "FFIMe\\": "lib/"
                }
            },
            "notification-url": "https://packagist.org/downloads/",
            "license": [
                "MIT"
            ],
            "authors": [
                {
                    "name": "Anthony Ferrara",
                    "email": "ircmaxell@gmail.com"
                }
            ],
            "description": "Make life easy when working with 7.4's FFI",
            "support": {
                "issues": "https://github.com/ircmaxell/FFIMe/issues",
                "source": "https://github.com/ircmaxell/FFIMe/tree/master"
            },
            "time": "2022-09-07T19:50:56+00:00"
        },
        {
            "name": "ircmaxell/php-c-parser",
            "version": "dev-master",
            "source": {
                "type": "git",
                "url": "https://github.com/ircmaxell/php-c-parser.git",
                "reference": "55e0a4fdf88d6e955d928860e1e107a68492c1cf"
            },
            "dist": {
                "type": "zip",
                "url": "https://api.github.com/repos/ircmaxell/php-c-parser/zipball/55e0a4fdf88d6e955d928860e1e107a68492c1cf",
                "reference": "55e0a4fdf88d6e955d928860e1e107a68492c1cf",
                "shasum": ""
            },
            "require": {
                "php": ">=7.4"
            },
            "require-dev": {
                "ircmaxell/php-yacc": "dev-master",
                "phpunit/phpunit": "^8.0"
            },
            "default-branch": true,
            "type": "library",
            "autoload": {
                "psr-4": {
                    "PHPCParser\\": "lib/"
                }
            },
            "notification-url": "https://packagist.org/downloads/",
            "license": [
                "MIT"
            ],
            "authors": [
                {
                    "name": "Anthony Ferrara",
                    "email": "ircmaxell@gmail.com"
                },
                {
                    "name": "Bob Weinand",
                    "email": "bobwei9@hotmail.com"
                }
            ],
            "description": "Parse C when using PHP",
            "support": {
                "issues": "https://github.com/ircmaxell/php-c-parser/issues",
                "source": "https://github.com/ircmaxell/php-c-parser/tree/master"
            },
            "time": "2022-08-27T17:37:14+00:00"
        },
        {
            "name": "ircmaxell/php-object-symbolresolver",
            "version": "dev-master",
            "source": {
                "type": "git",
                "url": "https://github.com/ircmaxell/php-object-symbolresolver.git",
                "reference": "88c918a0f4621ef59dc4a4c21ead7f39bd720337"
            },
            "dist": {
                "type": "zip",
                "url": "https://api.github.com/repos/ircmaxell/php-object-symbolresolver/zipball/88c918a0f4621ef59dc4a4c21ead7f39bd720337",
                "reference": "88c918a0f4621ef59dc4a4c21ead7f39bd720337",
                "shasum": ""
            },
            "require": {
                "php": ">=7.4"
            },
            "default-branch": true,
            "type": "library",
            "autoload": {
                "psr-4": {
                    "PHPObjectSymbolResolver\\": "lib/"
                }
            },
            "notification-url": "https://packagist.org/downloads/",
            "license": [
                "MIT"
            ],
            "authors": [
                {
                    "name": "Anthony Ferrara",
                    "email": "ircmaxell@gmail.com"
                },
                {
                    "name": "Bob Weinand",
                    "email": "bobwei9@hotmail.com"
                }
            ],
            "description": "An object file (ELF, Mach-O) parser",
            "support": {
                "issues": "https://github.com/ircmaxell/php-object-symbolresolver/issues",
                "source": "https://github.com/ircmaxell/php-object-symbolresolver/tree/master"
            },
            "time": "2022-09-07T19:47:04+00:00"
        }
    ],
    "packages-dev": [],
    "aliases": [],
    "minimum-stability": "dev",
    "stability-flags": [],
    "prefer-stable": false,
    "prefer-lowest": false,
    "platform": [],
    "platform-dev": [],
    "plugin-api-version": "2.3.0"
}
